# This file is generated by running "yarn install" inside your project.
# Manual changes might be lost - proceed with caution!

__metadata:
  version: 8
  cacheKey: 10c0

"lodash@npm:^4.17.21":
  version: 4.17.21
  resolution: "lodash@npm:4.17.21"
  checksum: 10c0/d8cbea072bb08655bb4c989da418994b073a608dffa608b09ac04b43a791b12aeae7cd7ad919aa4c925f33b48490b5cfe6c1f71d827956071dae2e7bb3a6b74c
  languageName: node
  linkType: hard

"mobx-openapi-generator@workspace:.":
  version: 0.0.0-use.local
  resolution: "mobx-openapi-generator@workspace:."
  dependencies:
    lodash: "npm:^4.17.21"
    mobx: "npm:^6.9.0"
    to-flow-generator-function: "npm:^1.0.0"
    typescript: "npm:~5.3.0"
  peerDependencies:
    mobx: ">=6.0.0"
  languageName: unknown
  linkType: soft

"mobx@npm:^6.9.0":
  version: 6.13.7
  resolution: "mobx@npm:6.13.7"
  checksum: 10c0/3ae7f8c586a48a0a2b9b4900871455bc93d3878bdff70b6820ba830c6b883d7f8a0222aa2a0fec7201d25f38a19cb340e62a18a3939182a676dc35d857f35dd6
  languageName: node
  linkType: hard

"to-flow-generator-function@npm:^1.0.0":
  version: 1.0.0
  resolution: "to-flow-generator-function@npm:1.0.0"
  checksum: 10c0/6e5f2137313fc99ab72dac16ed743d5c1584eabc06b33ecd4c0764672b4a1adc01563e92a23aaf05b9ccd45b8075fa9ba5c7a0129dead9c1b780800c0304100d
  languageName: node
  linkType: hard

"typescript@npm:~5.3.0":
  version: 5.3.3
  resolution: "typescript@npm:5.3.3"
  bin:
    tsc: bin/tsc
    tsserver: bin/tsserver
  checksum: 10c0/e33cef99d82573624fc0f854a2980322714986bc35b9cb4d1ce736ed182aeab78e2cb32b385efa493b2a976ef52c53e20d6c6918312353a91850e2b76f1ea44f
  languageName: node
  linkType: hard

"typescript@patch:typescript@npm%3A~5.3.0#optional!builtin<compat/typescript>":
  version: 5.3.3
  resolution: "typescript@patch:typescript@npm%3A5.3.3#optional!builtin<compat/typescript>::version=5.3.3&hash=e012d7"
  bin:
    tsc: bin/tsc
    tsserver: bin/tsserver
  checksum: 10c0/1d0a5f4ce496c42caa9a30e659c467c5686eae15d54b027ee7866744952547f1be1262f2d40de911618c242b510029d51d43ff605dba8fb740ec85ca2d3f9500
  languageName: node
  linkType: hard
